// !$*UTF8*$!
{
	archiveVersion = 1;
	classes = {
	};
	objectVersion = 46;
	objects = {

/* Begin PBXBuildFile section */
		FC092A60195F4C46001BA2F6 /* LineTableViewCell.m in Sources */ = {isa = PBXBuildFile; fileRef = FC092A5E195F4C46001BA2F6 /* LineTableViewCell.m */; };
		FC092A61195F4C46001BA2F6 /* LineTableViewCell.xib in Resources */ = {isa = PBXBuildFile; fileRef = FC092A5F195F4C46001BA2F6 /* LineTableViewCell.xib */; };
		FC4D83221C53DDDF0026B722 /* TubeStatus WatchKit Extension.appex in Embed App Extensions */ = {isa = PBXBuildFile; fileRef = FCA3CABB1A883575003F3F4E /* TubeStatus WatchKit Extension.appex */; settings = {ATTRIBUTES = (RemoveHeadersOnCopy, ); }; };
		FC4D83251C53DDDF0026B722 /* TubeStatus WatchKit App.app in Embed Watch Content */ = {isa = PBXBuildFile; fileRef = FCA3CAC61A883575003F3F4E /* TubeStatus WatchKit App.app */; };
		FC67C3F119806F3A008B56AE /* SettingsViewController.m in Sources */ = {isa = PBXBuildFile; fileRef = FC67C3F019806F3A008B56AE /* SettingsViewController.m */; };
		FC82B04419BE33DF009CACEB /* AFHTTPRequestOperation.m in Sources */ = {isa = PBXBuildFile; fileRef = FC82B03219BE33DF009CACEB /* AFHTTPRequestOperation.m */; };
		FC82B04519BE33DF009CACEB /* AFHTTPRequestOperationManager.m in Sources */ = {isa = PBXBuildFile; fileRef = FC82B03419BE33DF009CACEB /* AFHTTPRequestOperationManager.m */; };
		FC82B04619BE33DF009CACEB /* AFHTTPSessionManager.m in Sources */ = {isa = PBXBuildFile; fileRef = FC82B03619BE33DF009CACEB /* AFHTTPSessionManager.m */; };
		FC82B04719BE33DF009CACEB /* AFNetworkReachabilityManager.m in Sources */ = {isa = PBXBuildFile; fileRef = FC82B03919BE33DF009CACEB /* AFNetworkReachabilityManager.m */; };
		FC82B04819BE33DF009CACEB /* AFSecurityPolicy.m in Sources */ = {isa = PBXBuildFile; fileRef = FC82B03B19BE33DF009CACEB /* AFSecurityPolicy.m */; };
		FC82B04919BE33DF009CACEB /* AFURLConnectionOperation.m in Sources */ = {isa = PBXBuildFile; fileRef = FC82B03D19BE33DF009CACEB /* AFURLConnectionOperation.m */; };
		FC82B04A19BE33DF009CACEB /* AFURLRequestSerialization.m in Sources */ = {isa = PBXBuildFile; fileRef = FC82B03F19BE33DF009CACEB /* AFURLRequestSerialization.m */; };
		FC82B04B19BE33DF009CACEB /* AFURLResponseSerialization.m in Sources */ = {isa = PBXBuildFile; fileRef = FC82B04119BE33DF009CACEB /* AFURLResponseSerialization.m */; };
		FC82B04C19BE33DF009CACEB /* AFURLSessionManager.m in Sources */ = {isa = PBXBuildFile; fileRef = FC82B04319BE33DF009CACEB /* AFURLSessionManager.m */; };
		FC82B05319BE3403009CACEB /* Reachability.m in Sources */ = {isa = PBXBuildFile; fileRef = FC82B04F19BE3403009CACEB /* Reachability.m */; };
		FC82B05419BE3403009CACEB /* Reachability.m in Sources */ = {isa = PBXBuildFile; fileRef = FC82B04F19BE3403009CACEB /* Reachability.m */; };
		FC82B05519BE3403009CACEB /* SDCloudUserDefaults.m in Sources */ = {isa = PBXBuildFile; fileRef = FC82B05219BE3403009CACEB /* SDCloudUserDefaults.m */; };
		FC82B05619BE3403009CACEB /* SDCloudUserDefaults.m in Sources */ = {isa = PBXBuildFile; fileRef = FC82B05219BE3403009CACEB /* SDCloudUserDefaults.m */; };
		FC9A0DD019AB5A79008DE646 /* SettingTableViewCell.m in Sources */ = {isa = PBXBuildFile; fileRef = FC9A0DCE19AB5A79008DE646 /* SettingTableViewCell.m */; };
		FC9A0DD119AB5A79008DE646 /* SettingTableViewCell.xib in Resources */ = {isa = PBXBuildFile; fileRef = FC9A0DCF19AB5A79008DE646 /* SettingTableViewCell.xib */; };
		FC9B83BC1A80FBEC00566F76 /* AFHTTPRequestOperation.m in Sources */ = {isa = PBXBuildFile; fileRef = FC82B03219BE33DF009CACEB /* AFHTTPRequestOperation.m */; };
		FC9B83BE1A80FBEC00566F76 /* AFHTTPRequestOperationManager.m in Sources */ = {isa = PBXBuildFile; fileRef = FC82B03419BE33DF009CACEB /* AFHTTPRequestOperationManager.m */; };
		FC9B83C01A80FBEC00566F76 /* AFHTTPSessionManager.m in Sources */ = {isa = PBXBuildFile; fileRef = FC82B03619BE33DF009CACEB /* AFHTTPSessionManager.m */; };
		FC9B83C31A80FBEC00566F76 /* AFNetworkReachabilityManager.m in Sources */ = {isa = PBXBuildFile; fileRef = FC82B03919BE33DF009CACEB /* AFNetworkReachabilityManager.m */; };
		FC9B83C51A80FBEC00566F76 /* AFSecurityPolicy.m in Sources */ = {isa = PBXBuildFile; fileRef = FC82B03B19BE33DF009CACEB /* AFSecurityPolicy.m */; };
		FC9B83C71A80FBEC00566F76 /* AFURLConnectionOperation.m in Sources */ = {isa = PBXBuildFile; fileRef = FC82B03D19BE33DF009CACEB /* AFURLConnectionOperation.m */; };
		FC9B83C91A80FBEC00566F76 /* AFURLRequestSerialization.m in Sources */ = {isa = PBXBuildFile; fileRef = FC82B03F19BE33DF009CACEB /* AFURLRequestSerialization.m */; };
		FC9B83CB1A80FBEC00566F76 /* AFURLResponseSerialization.m in Sources */ = {isa = PBXBuildFile; fileRef = FC82B04119BE33DF009CACEB /* AFURLResponseSerialization.m */; };
		FC9B83CD1A80FBEC00566F76 /* AFURLSessionManager.m in Sources */ = {isa = PBXBuildFile; fileRef = FC82B04319BE33DF009CACEB /* AFURLSessionManager.m */; };
		FCA3CAC11A883575003F3F4E /* InterfaceController.m in Sources */ = {isa = PBXBuildFile; fileRef = FCA3CAC01A883575003F3F4E /* InterfaceController.m */; };
		FCA3CACF1A883576003F3F4E /* Interface.storyboard in Resources */ = {isa = PBXBuildFile; fileRef = FCA3CACD1A883576003F3F4E /* Interface.storyboard */; };
		FCA3CAD11A883576003F3F4E /* Images.xcassets in Resources */ = {isa = PBXBuildFile; fileRef = FCA3CAD01A883576003F3F4E /* Images.xcassets */; };
		FCA3CAEB1A8843E5003F3F4E /* DataModel.m in Sources */ = {isa = PBXBuildFile; fileRef = FCD0141A196087D8000FDBF0 /* DataModel.m */; };
		FCA3CAEC1A88440D003F3F4E /* XMLParserDelegate.m in Sources */ = {isa = PBXBuildFile; fileRef = FCE51B7B195F251B0006C348 /* XMLParserDelegate.m */; };
		FCA3CAED1A88440D003F3F4E /* AFHTTPRequestOperation.m in Sources */ = {isa = PBXBuildFile; fileRef = FC82B03219BE33DF009CACEB /* AFHTTPRequestOperation.m */; };
		FCA3CAEE1A88440D003F3F4E /* AFHTTPRequestOperationManager.m in Sources */ = {isa = PBXBuildFile; fileRef = FC82B03419BE33DF009CACEB /* AFHTTPRequestOperationManager.m */; };
		FCA3CAEF1A88440D003F3F4E /* AFHTTPSessionManager.m in Sources */ = {isa = PBXBuildFile; fileRef = FC82B03619BE33DF009CACEB /* AFHTTPSessionManager.m */; };
		FCA3CAF01A88440D003F3F4E /* AFNetworkReachabilityManager.m in Sources */ = {isa = PBXBuildFile; fileRef = FC82B03919BE33DF009CACEB /* AFNetworkReachabilityManager.m */; };
		FCA3CAF11A88440D003F3F4E /* AFSecurityPolicy.m in Sources */ = {isa = PBXBuildFile; fileRef = FC82B03B19BE33DF009CACEB /* AFSecurityPolicy.m */; };
		FCA3CAF21A88440D003F3F4E /* AFURLConnectionOperation.m in Sources */ = {isa = PBXBuildFile; fileRef = FC82B03D19BE33DF009CACEB /* AFURLConnectionOperation.m */; };
		FCA3CAF31A88440D003F3F4E /* AFURLRequestSerialization.m in Sources */ = {isa = PBXBuildFile; fileRef = FC82B03F19BE33DF009CACEB /* AFURLRequestSerialization.m */; };
		FCA3CAF41A88440D003F3F4E /* AFURLResponseSerialization.m in Sources */ = {isa = PBXBuildFile; fileRef = FC82B04119BE33DF009CACEB /* AFURLResponseSerialization.m */; };
		FCA3CAF51A88440D003F3F4E /* AFURLSessionManager.m in Sources */ = {isa = PBXBuildFile; fileRef = FC82B04319BE33DF009CACEB /* AFURLSessionManager.m */; };
		FCA3CAF61A884474003F3F4E /* Reachability.m in Sources */ = {isa = PBXBuildFile; fileRef = FC82B04F19BE3403009CACEB /* Reachability.m */; };
		FCA3CAF71A88447D003F3F4E /* SDCloudUserDefaults.m in Sources */ = {isa = PBXBuildFile; fileRef = FC82B05219BE3403009CACEB /* SDCloudUserDefaults.m */; };
		FCA3CAFB1A884C10003F3F4E /* LineRowController.m in Sources */ = {isa = PBXBuildFile; fileRef = FCA3CAFA1A884C10003F3F4E /* LineRowController.m */; };
		FCD0141B196087D8000FDBF0 /* DataModel.m in Sources */ = {isa = PBXBuildFile; fileRef = FCD0141A196087D8000FDBF0 /* DataModel.m */; };
		FCD0141F19608C54000FDBF0 /* TodayLineTableViewCell.m in Sources */ = {isa = PBXBuildFile; fileRef = FCD0141D19608C54000FDBF0 /* TodayLineTableViewCell.m */; };
		FCD0142019608C54000FDBF0 /* TodayLineTableViewCell.xib in Resources */ = {isa = PBXBuildFile; fileRef = FCD0141E19608C54000FDBF0 /* TodayLineTableViewCell.xib */; };
		FCD0142119608F59000FDBF0 /* DataModel.m in Sources */ = {isa = PBXBuildFile; fileRef = FCD0141A196087D8000FDBF0 /* DataModel.m */; };
		FCD0142219608F6F000FDBF0 /* XMLParserDelegate.m in Sources */ = {isa = PBXBuildFile; fileRef = FCE51B7B195F251B0006C348 /* XMLParserDelegate.m */; };
		FCE51B41195F236C0006C348 /* main.m in Sources */ = {isa = PBXBuildFile; fileRef = FCE51B40195F236C0006C348 /* main.m */; };
		FCE51B44195F236C0006C348 /* AppDelegate.m in Sources */ = {isa = PBXBuildFile; fileRef = FCE51B43195F236C0006C348 /* AppDelegate.m */; };
		FCE51B47195F236C0006C348 /* ViewController.m in Sources */ = {isa = PBXBuildFile; fileRef = FCE51B46195F236C0006C348 /* ViewController.m */; };
		FCE51B4A195F236C0006C348 /* Main.storyboard in Resources */ = {isa = PBXBuildFile; fileRef = FCE51B48195F236C0006C348 /* Main.storyboard */; };
		FCE51B4C195F236C0006C348 /* Images.xcassets in Resources */ = {isa = PBXBuildFile; fileRef = FCE51B4B195F236C0006C348 /* Images.xcassets */; };
		FCE51B58195F236C0006C348 /* TubeStatusTests.m in Sources */ = {isa = PBXBuildFile; fileRef = FCE51B57195F236C0006C348 /* TubeStatusTests.m */; };
		FCE51B68195F237D0006C348 /* NotificationCenter.framework in Frameworks */ = {isa = PBXBuildFile; fileRef = FCE51B67195F237D0006C348 /* NotificationCenter.framework */; };
		FCE51B6E195F237D0006C348 /* TodayViewController.m in Sources */ = {isa = PBXBuildFile; fileRef = FCE51B6D195F237D0006C348 /* TodayViewController.m */; };
		FCE51B70195F237D0006C348 /* MainInterface.storyboard in Resources */ = {isa = PBXBuildFile; fileRef = FCE51B6F195F237D0006C348 /* MainInterface.storyboard */; };
		FCE51B73195F237D0006C348 /* com.dylanmaryk.TubeStatus.TubeStatusWidget.appex in Embed App Extensions */ = {isa = PBXBuildFile; fileRef = FCE51B65195F237D0006C348 /* com.dylanmaryk.TubeStatus.TubeStatusWidget.appex */; };
		FCE51B7C195F251B0006C348 /* XMLParserDelegate.m in Sources */ = {isa = PBXBuildFile; fileRef = FCE51B7B195F251B0006C348 /* XMLParserDelegate.m */; };
/* End PBXBuildFile section */

/* Begin PBXContainerItemProxy section */
		FC4D83201C53DDDF0026B722 /* PBXContainerItemProxy */ = {
			isa = PBXContainerItemProxy;
			containerPortal = FCE51B33195F236C0006C348 /* Project object */;
			proxyType = 1;
			remoteGlobalIDString = FCA3CABA1A883575003F3F4E;
			remoteInfo = "TubeStatus WatchKit Extension";
		};
		FC4D83231C53DDDF0026B722 /* PBXContainerItemProxy */ = {
			isa = PBXContainerItemProxy;
			containerPortal = FCE51B33195F236C0006C348 /* Project object */;
			proxyType = 1;
			remoteGlobalIDString = FCA3CAC51A883575003F3F4E;
			remoteInfo = "TubeStatus WatchKit App";
		};
		FCE51B52195F236C0006C348 /* PBXContainerItemProxy */ = {
			isa = PBXContainerItemProxy;
			containerPortal = FCE51B33195F236C0006C348 /* Project object */;
			proxyType = 1;
			remoteGlobalIDString = FCE51B3A195F236C0006C348;
			remoteInfo = TubeStatus;
		};
		FCE51B71195F237D0006C348 /* PBXContainerItemProxy */ = {
			isa = PBXContainerItemProxy;
			containerPortal = FCE51B33195F236C0006C348 /* Project object */;
			proxyType = 1;
			remoteGlobalIDString = FCE51B64195F237D0006C348;
			remoteInfo = TubeStatusWidget;
		};
		FCE51B74195F237D0006C348 /* PBXContainerItemProxy */ = {
			isa = PBXContainerItemProxy;
			containerPortal = FCE51B33195F236C0006C348 /* Project object */;
			proxyType = 1;
			remoteGlobalIDString = FCE51B64195F237D0006C348;
			remoteInfo = TubeStatusWidget;
		};
/* End PBXContainerItemProxy section */

/* Begin PBXCopyFilesBuildPhase section */
		FC4D83261C53DDDF0026B722 /* Embed App Extensions */ = {
			isa = PBXCopyFilesBuildPhase;
			buildActionMask = 2147483647;
			dstPath = "";
			dstSubfolderSpec = 13;
			files = (
				FC4D83221C53DDDF0026B722 /* TubeStatus WatchKit Extension.appex in Embed App Extensions */,
			);
			name = "Embed App Extensions";
			runOnlyForDeploymentPostprocessing = 0;
		};
		FC4D83271C53DDDF0026B722 /* Embed Watch Content */ = {
			isa = PBXCopyFilesBuildPhase;
			buildActionMask = 2147483647;
			dstPath = "$(CONTENTS_FOLDER_PATH)/Watch";
			dstSubfolderSpec = 16;
			files = (
				FC4D83251C53DDDF0026B722 /* TubeStatus WatchKit App.app in Embed Watch Content */,
			);
			name = "Embed Watch Content";
			runOnlyForDeploymentPostprocessing = 0;
		};
		FCE51B79195F237D0006C348 /* Embed App Extensions */ = {
			isa = PBXCopyFilesBuildPhase;
			buildActionMask = 2147483647;
			dstPath = "";
			dstSubfolderSpec = 13;
			files = (
				FCE51B73195F237D0006C348 /* com.dylanmaryk.TubeStatus.TubeStatusWidget.appex in Embed App Extensions */,
			);
			name = "Embed App Extensions";
			runOnlyForDeploymentPostprocessing = 0;
		};
/* End PBXCopyFilesBuildPhase section */

/* Begin PBXFileReference section */
		FC092A5D195F4C46001BA2F6 /* LineTableViewCell.h */ = {isa = PBXFileReference; fileEncoding = 4; lastKnownFileType = sourcecode.c.h; path = LineTableViewCell.h; sourceTree = "<group>"; };
		FC092A5E195F4C46001BA2F6 /* LineTableViewCell.m */ = {isa = PBXFileReference; fileEncoding = 4; lastKnownFileType = sourcecode.c.objc; path = LineTableViewCell.m; sourceTree = "<group>"; };
		FC092A5F195F4C46001BA2F6 /* LineTableViewCell.xib */ = {isa = PBXFileReference; fileEncoding = 4; lastKnownFileType = file.xib; path = LineTableViewCell.xib; sourceTree = "<group>"; };
		FC67C3EF19806F3A008B56AE /* SettingsViewController.h */ = {isa = PBXFileReference; fileEncoding = 4; lastKnownFileType = sourcecode.c.h; path = SettingsViewController.h; sourceTree = "<group>"; };
		FC67C3F019806F3A008B56AE /* SettingsViewController.m */ = {isa = PBXFileReference; fileEncoding = 4; lastKnownFileType = sourcecode.c.objc; path = SettingsViewController.m; sourceTree = "<group>"; };
		FC82B03119BE33DF009CACEB /* AFHTTPRequestOperation.h */ = {isa = PBXFileReference; fileEncoding = 4; lastKnownFileType = sourcecode.c.h; path = AFHTTPRequestOperation.h; sourceTree = "<group>"; };
		FC82B03219BE33DF009CACEB /* AFHTTPRequestOperation.m */ = {isa = PBXFileReference; fileEncoding = 4; lastKnownFileType = sourcecode.c.objc; path = AFHTTPRequestOperation.m; sourceTree = "<group>"; };
		FC82B03319BE33DF009CACEB /* AFHTTPRequestOperationManager.h */ = {isa = PBXFileReference; fileEncoding = 4; lastKnownFileType = sourcecode.c.h; path = AFHTTPRequestOperationManager.h; sourceTree = "<group>"; };
		FC82B03419BE33DF009CACEB /* AFHTTPRequestOperationManager.m */ = {isa = PBXFileReference; fileEncoding = 4; lastKnownFileType = sourcecode.c.objc; path = AFHTTPRequestOperationManager.m; sourceTree = "<group>"; };
		FC82B03519BE33DF009CACEB /* AFHTTPSessionManager.h */ = {isa = PBXFileReference; fileEncoding = 4; lastKnownFileType = sourcecode.c.h; path = AFHTTPSessionManager.h; sourceTree = "<group>"; };
		FC82B03619BE33DF009CACEB /* AFHTTPSessionManager.m */ = {isa = PBXFileReference; fileEncoding = 4; lastKnownFileType = sourcecode.c.objc; path = AFHTTPSessionManager.m; sourceTree = "<group>"; };
		FC82B03719BE33DF009CACEB /* AFNetworking.h */ = {isa = PBXFileReference; fileEncoding = 4; lastKnownFileType = sourcecode.c.h; path = AFNetworking.h; sourceTree = "<group>"; };
		FC82B03819BE33DF009CACEB /* AFNetworkReachabilityManager.h */ = {isa = PBXFileReference; fileEncoding = 4; lastKnownFileType = sourcecode.c.h; path = AFNetworkReachabilityManager.h; sourceTree = "<group>"; };
		FC82B03919BE33DF009CACEB /* AFNetworkReachabilityManager.m */ = {isa = PBXFileReference; fileEncoding = 4; lastKnownFileType = sourcecode.c.objc; path = AFNetworkReachabilityManager.m; sourceTree = "<group>"; };
		FC82B03A19BE33DF009CACEB /* AFSecurityPolicy.h */ = {isa = PBXFileReference; fileEncoding = 4; lastKnownFileType = sourcecode.c.h; path = AFSecurityPolicy.h; sourceTree = "<group>"; };
		FC82B03B19BE33DF009CACEB /* AFSecurityPolicy.m */ = {isa = PBXFileReference; fileEncoding = 4; lastKnownFileType = sourcecode.c.objc; path = AFSecurityPolicy.m; sourceTree = "<group>"; };
		FC82B03C19BE33DF009CACEB /* AFURLConnectionOperation.h */ = {isa = PBXFileReference; fileEncoding = 4; lastKnownFileType = sourcecode.c.h; path = AFURLConnectionOperation.h; sourceTree = "<group>"; };
		FC82B03D19BE33DF009CACEB /* AFURLConnectionOperation.m */ = {isa = PBXFileReference; fileEncoding = 4; lastKnownFileType = sourcecode.c.objc; path = AFURLConnectionOperation.m; sourceTree = "<group>"; };
		FC82B03E19BE33DF009CACEB /* AFURLRequestSerialization.h */ = {isa = PBXFileReference; fileEncoding = 4; lastKnownFileType = sourcecode.c.h; path = AFURLRequestSerialization.h; sourceTree = "<group>"; };
		FC82B03F19BE33DF009CACEB /* AFURLRequestSerialization.m */ = {isa = PBXFileReference; fileEncoding = 4; lastKnownFileType = sourcecode.c.objc; path = AFURLRequestSerialization.m; sourceTree = "<group>"; };
		FC82B04019BE33DF009CACEB /* AFURLResponseSerialization.h */ = {isa = PBXFileReference; fileEncoding = 4; lastKnownFileType = sourcecode.c.h; path = AFURLResponseSerialization.h; sourceTree = "<group>"; };
		FC82B04119BE33DF009CACEB /* AFURLResponseSerialization.m */ = {isa = PBXFileReference; fileEncoding = 4; lastKnownFileType = sourcecode.c.objc; path = AFURLResponseSerialization.m; sourceTree = "<group>"; };
		FC82B04219BE33DF009CACEB /* AFURLSessionManager.h */ = {isa = PBXFileReference; fileEncoding = 4; lastKnownFileType = sourcecode.c.h; path = AFURLSessionManager.h; sourceTree = "<group>"; };
		FC82B04319BE33DF009CACEB /* AFURLSessionManager.m */ = {isa = PBXFileReference; fileEncoding = 4; lastKnownFileType = sourcecode.c.objc; path = AFURLSessionManager.m; sourceTree = "<group>"; };
		FC82B04E19BE3403009CACEB /* Reachability.h */ = {isa = PBXFileReference; fileEncoding = 4; lastKnownFileType = sourcecode.c.h; path = Reachability.h; sourceTree = "<group>"; };
		FC82B04F19BE3403009CACEB /* Reachability.m */ = {isa = PBXFileReference; fileEncoding = 4; lastKnownFileType = sourcecode.c.objc; path = Reachability.m; sourceTree = "<group>"; };
		FC82B05119BE3403009CACEB /* SDCloudUserDefaults.h */ = {isa = PBXFileReference; fileEncoding = 4; lastKnownFileType = sourcecode.c.h; path = SDCloudUserDefaults.h; sourceTree = "<group>"; };
		FC82B05219BE3403009CACEB /* SDCloudUserDefaults.m */ = {isa = PBXFileReference; fileEncoding = 4; lastKnownFileType = sourcecode.c.objc; path = SDCloudUserDefaults.m; sourceTree = "<group>"; };
		FC9A0DCD19AB5A79008DE646 /* SettingTableViewCell.h */ = {isa = PBXFileReference; fileEncoding = 4; lastKnownFileType = sourcecode.c.h; path = SettingTableViewCell.h; sourceTree = "<group>"; };
		FC9A0DCE19AB5A79008DE646 /* SettingTableViewCell.m */ = {isa = PBXFileReference; fileEncoding = 4; lastKnownFileType = sourcecode.c.objc; path = SettingTableViewCell.m; sourceTree = "<group>"; };
		FC9A0DCF19AB5A79008DE646 /* SettingTableViewCell.xib */ = {isa = PBXFileReference; fileEncoding = 4; lastKnownFileType = file.xib; path = SettingTableViewCell.xib; sourceTree = "<group>"; };
		FC9B83BA1A80FAF100566F76 /* PrefixHeader.pch */ = {isa = PBXFileReference; fileEncoding = 4; lastKnownFileType = sourcecode.c.h; name = PrefixHeader.pch; path = TubeStatusWidget/PrefixHeader.pch; sourceTree = SOURCE_ROOT; };
		FCA3CABB1A883575003F3F4E /* TubeStatus WatchKit Extension.appex */ = {isa = PBXFileReference; explicitFileType = "wrapper.app-extension"; includeInIndex = 0; path = "TubeStatus WatchKit Extension.appex"; sourceTree = BUILT_PRODUCTS_DIR; };
		FCA3CABE1A883575003F3F4E /* Info.plist */ = {isa = PBXFileReference; lastKnownFileType = text.plist.xml; path = Info.plist; sourceTree = "<group>"; };
		FCA3CABF1A883575003F3F4E /* InterfaceController.h */ = {isa = PBXFileReference; lastKnownFileType = sourcecode.c.h; path = InterfaceController.h; sourceTree = "<group>"; };
		FCA3CAC01A883575003F3F4E /* InterfaceController.m */ = {isa = PBXFileReference; lastKnownFileType = sourcecode.c.objc; path = InterfaceController.m; sourceTree = "<group>"; };
		FCA3CAC61A883575003F3F4E /* TubeStatus WatchKit App.app */ = {isa = PBXFileReference; explicitFileType = wrapper.application; includeInIndex = 0; path = "TubeStatus WatchKit App.app"; sourceTree = BUILT_PRODUCTS_DIR; };
		FCA3CACC1A883576003F3F4E /* Info.plist */ = {isa = PBXFileReference; lastKnownFileType = text.plist.xml; path = Info.plist; sourceTree = "<group>"; };
		FCA3CACE1A883576003F3F4E /* Base */ = {isa = PBXFileReference; lastKnownFileType = file.storyboard; name = Base; path = Base.lproj/Interface.storyboard; sourceTree = "<group>"; };
		FCA3CAD01A883576003F3F4E /* Images.xcassets */ = {isa = PBXFileReference; lastKnownFileType = folder.assetcatalog; path = Images.xcassets; sourceTree = "<group>"; };
		FCA3CADB1A883B74003F3F4E /* TubeStatus WatchKit Extension.entitlements */ = {isa = PBXFileReference; lastKnownFileType = text.xml; path = "TubeStatus WatchKit Extension.entitlements"; sourceTree = "<group>"; };
		FCA3CAF81A8844B7003F3F4E /* PrefixHeader.pch */ = {isa = PBXFileReference; fileEncoding = 4; lastKnownFileType = sourcecode.c.h; path = PrefixHeader.pch; sourceTree = "<group>"; };
		FCA3CAF91A884C10003F3F4E /* LineRowController.h */ = {isa = PBXFileReference; fileEncoding = 4; lastKnownFileType = sourcecode.c.h; path = LineRowController.h; sourceTree = "<group>"; };
		FCA3CAFA1A884C10003F3F4E /* LineRowController.m */ = {isa = PBXFileReference; fileEncoding = 4; lastKnownFileType = sourcecode.c.objc; path = LineRowController.m; sourceTree = "<group>"; };
		FCD01419196087D8000FDBF0 /* DataModel.h */ = {isa = PBXFileReference; fileEncoding = 4; lastKnownFileType = sourcecode.c.h; path = DataModel.h; sourceTree = "<group>"; };
		FCD0141A196087D8000FDBF0 /* DataModel.m */ = {isa = PBXFileReference; fileEncoding = 4; lastKnownFileType = sourcecode.c.objc; path = DataModel.m; sourceTree = "<group>"; };
		FCD0141C19608C54000FDBF0 /* TodayLineTableViewCell.h */ = {isa = PBXFileReference; fileEncoding = 4; lastKnownFileType = sourcecode.c.h; path = TodayLineTableViewCell.h; sourceTree = "<group>"; };
		FCD0141D19608C54000FDBF0 /* TodayLineTableViewCell.m */ = {isa = PBXFileReference; fileEncoding = 4; lastKnownFileType = sourcecode.c.objc; path = TodayLineTableViewCell.m; sourceTree = "<group>"; };
		FCD0141E19608C54000FDBF0 /* TodayLineTableViewCell.xib */ = {isa = PBXFileReference; fileEncoding = 4; lastKnownFileType = file.xib; path = TodayLineTableViewCell.xib; sourceTree = "<group>"; };
		FCD9DB55197488D600B0D191 /* com.dylanmaryk.TubeStatus.TubeStatusWidget.entitlements */ = {isa = PBXFileReference; lastKnownFileType = text.xml; path = com.dylanmaryk.TubeStatus.TubeStatusWidget.entitlements; sourceTree = "<group>"; };
		FCD9DB561974890300B0D191 /* TubeStatus.entitlements */ = {isa = PBXFileReference; lastKnownFileType = text.xml; path = TubeStatus.entitlements; sourceTree = "<group>"; };
		FCE51B3B195F236C0006C348 /* TubeStatus.app */ = {isa = PBXFileReference; explicitFileType = wrapper.application; includeInIndex = 0; path = TubeStatus.app; sourceTree = BUILT_PRODUCTS_DIR; };
		FCE51B3F195F236C0006C348 /* Info.plist */ = {isa = PBXFileReference; lastKnownFileType = text.plist.xml; path = Info.plist; sourceTree = "<group>"; };
		FCE51B40195F236C0006C348 /* main.m */ = {isa = PBXFileReference; lastKnownFileType = sourcecode.c.objc; path = main.m; sourceTree = "<group>"; };
		FCE51B42195F236C0006C348 /* AppDelegate.h */ = {isa = PBXFileReference; lastKnownFileType = sourcecode.c.h; path = AppDelegate.h; sourceTree = "<group>"; };
		FCE51B43195F236C0006C348 /* AppDelegate.m */ = {isa = PBXFileReference; lastKnownFileType = sourcecode.c.objc; path = AppDelegate.m; sourceTree = "<group>"; };
		FCE51B45195F236C0006C348 /* ViewController.h */ = {isa = PBXFileReference; lastKnownFileType = sourcecode.c.h; path = ViewController.h; sourceTree = "<group>"; };
		FCE51B46195F236C0006C348 /* ViewController.m */ = {isa = PBXFileReference; lastKnownFileType = sourcecode.c.objc; path = ViewController.m; sourceTree = "<group>"; };
		FCE51B49195F236C0006C348 /* Base */ = {isa = PBXFileReference; lastKnownFileType = file.storyboard; name = Base; path = Base.lproj/Main.storyboard; sourceTree = "<group>"; };
		FCE51B4B195F236C0006C348 /* Images.xcassets */ = {isa = PBXFileReference; lastKnownFileType = folder.assetcatalog; path = Images.xcassets; sourceTree = "<group>"; };
		FCE51B51195F236C0006C348 /* TubeStatusTests.xctest */ = {isa = PBXFileReference; explicitFileType = wrapper.cfbundle; includeInIndex = 0; path = TubeStatusTests.xctest; sourceTree = BUILT_PRODUCTS_DIR; };
		FCE51B56195F236C0006C348 /* Info.plist */ = {isa = PBXFileReference; lastKnownFileType = text.plist.xml; path = Info.plist; sourceTree = "<group>"; };
		FCE51B57195F236C0006C348 /* TubeStatusTests.m */ = {isa = PBXFileReference; lastKnownFileType = sourcecode.c.objc; path = TubeStatusTests.m; sourceTree = "<group>"; };
		FCE51B65195F237D0006C348 /* com.dylanmaryk.TubeStatus.TubeStatusWidget.appex */ = {isa = PBXFileReference; explicitFileType = "wrapper.app-extension"; includeInIndex = 0; path = com.dylanmaryk.TubeStatus.TubeStatusWidget.appex; sourceTree = BUILT_PRODUCTS_DIR; };
		FCE51B67195F237D0006C348 /* NotificationCenter.framework */ = {isa = PBXFileReference; lastKnownFileType = wrapper.framework; name = NotificationCenter.framework; path = System/Library/Frameworks/NotificationCenter.framework; sourceTree = SDKROOT; };
		FCE51B6B195F237D0006C348 /* Info.plist */ = {isa = PBXFileReference; lastKnownFileType = text.plist.xml; path = Info.plist; sourceTree = "<group>"; };
		FCE51B6C195F237D0006C348 /* TodayViewController.h */ = {isa = PBXFileReference; lastKnownFileType = sourcecode.c.h; path = TodayViewController.h; sourceTree = "<group>"; };
		FCE51B6D195F237D0006C348 /* TodayViewController.m */ = {isa = PBXFileReference; lastKnownFileType = sourcecode.c.objc; path = TodayViewController.m; sourceTree = "<group>"; };
		FCE51B6F195F237D0006C348 /* MainInterface.storyboard */ = {isa = PBXFileReference; lastKnownFileType = file.storyboard; path = MainInterface.storyboard; sourceTree = "<group>"; };
		FCE51B7A195F251B0006C348 /* XMLParserDelegate.h */ = {isa = PBXFileReference; fileEncoding = 4; lastKnownFileType = sourcecode.c.h; path = XMLParserDelegate.h; sourceTree = "<group>"; };
		FCE51B7B195F251B0006C348 /* XMLParserDelegate.m */ = {isa = PBXFileReference; fileEncoding = 4; lastKnownFileType = sourcecode.c.objc; path = XMLParserDelegate.m; sourceTree = "<group>"; };
/* End PBXFileReference section */

/* Begin PBXFrameworksBuildPhase section */
		FCA3CAB81A883575003F3F4E /* Frameworks */ = {
			isa = PBXFrameworksBuildPhase;
			buildActionMask = 2147483647;
			files = (
			);
			runOnlyForDeploymentPostprocessing = 0;
		};
		FCE51B38195F236C0006C348 /* Frameworks */ = {
			isa = PBXFrameworksBuildPhase;
			buildActionMask = 2147483647;
			files = (
			);
			runOnlyForDeploymentPostprocessing = 0;
		};
		FCE51B4E195F236C0006C348 /* Frameworks */ = {
			isa = PBXFrameworksBuildPhase;
			buildActionMask = 2147483647;
			files = (
			);
			runOnlyForDeploymentPostprocessing = 0;
		};
		FCE51B62195F237D0006C348 /* Frameworks */ = {
			isa = PBXFrameworksBuildPhase;
			buildActionMask = 2147483647;
			files = (
				FCE51B68195F237D0006C348 /* NotificationCenter.framework in Frameworks */,
			);
			runOnlyForDeploymentPostprocessing = 0;
		};
/* End PBXFrameworksBuildPhase section */

/* Begin PBXGroup section */
		FC82B03019BE33DF009CACEB /* AFNetworking */ = {
			isa = PBXGroup;
			children = (
				FC82B03119BE33DF009CACEB /* AFHTTPRequestOperation.h */,
				FC82B03219BE33DF009CACEB /* AFHTTPRequestOperation.m */,
				FC82B03319BE33DF009CACEB /* AFHTTPRequestOperationManager.h */,
				FC82B03419BE33DF009CACEB /* AFHTTPRequestOperationManager.m */,
				FC82B03519BE33DF009CACEB /* AFHTTPSessionManager.h */,
				FC82B03619BE33DF009CACEB /* AFHTTPSessionManager.m */,
				FC82B03719BE33DF009CACEB /* AFNetworking.h */,
				FC82B03819BE33DF009CACEB /* AFNetworkReachabilityManager.h */,
				FC82B03919BE33DF009CACEB /* AFNetworkReachabilityManager.m */,
				FC82B03A19BE33DF009CACEB /* AFSecurityPolicy.h */,
				FC82B03B19BE33DF009CACEB /* AFSecurityPolicy.m */,
				FC82B03C19BE33DF009CACEB /* AFURLConnectionOperation.h */,
				FC82B03D19BE33DF009CACEB /* AFURLConnectionOperation.m */,
				FC82B03E19BE33DF009CACEB /* AFURLRequestSerialization.h */,
				FC82B03F19BE33DF009CACEB /* AFURLRequestSerialization.m */,
				FC82B04019BE33DF009CACEB /* AFURLResponseSerialization.h */,
				FC82B04119BE33DF009CACEB /* AFURLResponseSerialization.m */,
				FC82B04219BE33DF009CACEB /* AFURLSessionManager.h */,
				FC82B04319BE33DF009CACEB /* AFURLSessionManager.m */,
			);
			name = AFNetworking;
			path = TubeStatus/AFNetworking;
			sourceTree = "<group>";
		};
		FC82B04D19BE3403009CACEB /* Reachability */ = {
			isa = PBXGroup;
			children = (
				FC82B04E19BE3403009CACEB /* Reachability.h */,
				FC82B04F19BE3403009CACEB /* Reachability.m */,
			);
			name = Reachability;
			path = TubeStatus/Reachability;
			sourceTree = "<group>";
		};
		FC82B05019BE3403009CACEB /* SDCloudUserDefaults */ = {
			isa = PBXGroup;
			children = (
				FC82B05119BE3403009CACEB /* SDCloudUserDefaults.h */,
				FC82B05219BE3403009CACEB /* SDCloudUserDefaults.m */,
			);
			name = SDCloudUserDefaults;
			path = TubeStatus/SDCloudUserDefaults;
			sourceTree = "<group>";
		};
		FCA3CABC1A883575003F3F4E /* TubeStatus WatchKit Extension */ = {
			isa = PBXGroup;
			children = (
				FCA3CABF1A883575003F3F4E /* InterfaceController.h */,
				FCA3CAC01A883575003F3F4E /* InterfaceController.m */,
				FCA3CAF91A884C10003F3F4E /* LineRowController.h */,
				FCA3CAFA1A884C10003F3F4E /* LineRowController.m */,
				FCA3CABD1A883575003F3F4E /* Supporting Files */,
			);
			path = "TubeStatus WatchKit Extension";
			sourceTree = "<group>";
		};
		FCA3CABD1A883575003F3F4E /* Supporting Files */ = {
			isa = PBXGroup;
			children = (
				FCA3CAF81A8844B7003F3F4E /* PrefixHeader.pch */,
				FCA3CABE1A883575003F3F4E /* Info.plist */,
				FCA3CADB1A883B74003F3F4E /* TubeStatus WatchKit Extension.entitlements */,
			);
			name = "Supporting Files";
			sourceTree = "<group>";
		};
		FCA3CACA1A883576003F3F4E /* TubeStatus WatchKit App */ = {
			isa = PBXGroup;
			children = (
				FCA3CACD1A883576003F3F4E /* Interface.storyboard */,
				FCA3CAD01A883576003F3F4E /* Images.xcassets */,
				FCA3CACB1A883576003F3F4E /* Supporting Files */,
			);
			path = "TubeStatus WatchKit App";
			sourceTree = "<group>";
		};
		FCA3CACB1A883576003F3F4E /* Supporting Files */ = {
			isa = PBXGroup;
			children = (
				FCA3CACC1A883576003F3F4E /* Info.plist */,
			);
			name = "Supporting Files";
			sourceTree = "<group>";
		};
		FCE51B32195F236C0006C348 = {
			isa = PBXGroup;
			children = (
				FCE51B3D195F236C0006C348 /* TubeStatus */,
				FCE51B54195F236C0006C348 /* TubeStatusTests */,
				FCE51B69195F237D0006C348 /* TubeStatusWidget */,
				FCA3CABC1A883575003F3F4E /* TubeStatus WatchKit Extension */,
				FCA3CACA1A883576003F3F4E /* TubeStatus WatchKit App */,
				FC82B03019BE33DF009CACEB /* AFNetworking */,
				FC82B04D19BE3403009CACEB /* Reachability */,
				FC82B05019BE3403009CACEB /* SDCloudUserDefaults */,
				FCE51B66195F237D0006C348 /* Frameworks */,
				FCE51B3C195F236C0006C348 /* Products */,
			);
			sourceTree = "<group>";
		};
		FCE51B3C195F236C0006C348 /* Products */ = {
			isa = PBXGroup;
			children = (
				FCE51B3B195F236C0006C348 /* TubeStatus.app */,
				FCE51B51195F236C0006C348 /* TubeStatusTests.xctest */,
				FCE51B65195F237D0006C348 /* com.dylanmaryk.TubeStatus.TubeStatusWidget.appex */,
				FCA3CABB1A883575003F3F4E /* TubeStatus WatchKit Extension.appex */,
				FCA3CAC61A883575003F3F4E /* TubeStatus WatchKit App.app */,
			);
			name = Products;
			sourceTree = "<group>";
		};
		FCE51B3D195F236C0006C348 /* TubeStatus */ = {
			isa = PBXGroup;
			children = (
				FCE51B42195F236C0006C348 /* AppDelegate.h */,
				FCE51B43195F236C0006C348 /* AppDelegate.m */,
				FCE51B45195F236C0006C348 /* ViewController.h */,
				FCE51B46195F236C0006C348 /* ViewController.m */,
				FC092A5D195F4C46001BA2F6 /* LineTableViewCell.h */,
				FC092A5E195F4C46001BA2F6 /* LineTableViewCell.m */,
				FC092A5F195F4C46001BA2F6 /* LineTableViewCell.xib */,
				FC67C3EF19806F3A008B56AE /* SettingsViewController.h */,
				FC67C3F019806F3A008B56AE /* SettingsViewController.m */,
				FC9A0DCD19AB5A79008DE646 /* SettingTableViewCell.h */,
				FC9A0DCE19AB5A79008DE646 /* SettingTableViewCell.m */,
				FC9A0DCF19AB5A79008DE646 /* SettingTableViewCell.xib */,
				FCD01419196087D8000FDBF0 /* DataModel.h */,
				FCD0141A196087D8000FDBF0 /* DataModel.m */,
				FCE51B7A195F251B0006C348 /* XMLParserDelegate.h */,
				FCE51B7B195F251B0006C348 /* XMLParserDelegate.m */,
				FCE51B48195F236C0006C348 /* Main.storyboard */,
				FCE51B4B195F236C0006C348 /* Images.xcassets */,
				FCE51B3E195F236C0006C348 /* Supporting Files */,
			);
			path = TubeStatus;
			sourceTree = "<group>";
		};
		FCE51B3E195F236C0006C348 /* Supporting Files */ = {
			isa = PBXGroup;
			children = (
				FCE51B3F195F236C0006C348 /* Info.plist */,
				FCE51B40195F236C0006C348 /* main.m */,
				FCD9DB561974890300B0D191 /* TubeStatus.entitlements */,
			);
			name = "Supporting Files";
			sourceTree = "<group>";
		};
		FCE51B54195F236C0006C348 /* TubeStatusTests */ = {
			isa = PBXGroup;
			children = (
				FCE51B57195F236C0006C348 /* TubeStatusTests.m */,
				FCE51B55195F236C0006C348 /* Supporting Files */,
			);
			path = TubeStatusTests;
			sourceTree = "<group>";
		};
		FCE51B55195F236C0006C348 /* Supporting Files */ = {
			isa = PBXGroup;
			children = (
				FCE51B56195F236C0006C348 /* Info.plist */,
			);
			name = "Supporting Files";
			sourceTree = "<group>";
		};
		FCE51B66195F237D0006C348 /* Frameworks */ = {
			isa = PBXGroup;
			children = (
				FCE51B67195F237D0006C348 /* NotificationCenter.framework */,
			);
			name = Frameworks;
			sourceTree = "<group>";
		};
		FCE51B69195F237D0006C348 /* TubeStatusWidget */ = {
			isa = PBXGroup;
			children = (
				FCE51B6C195F237D0006C348 /* TodayViewController.h */,
				FCE51B6D195F237D0006C348 /* TodayViewController.m */,
				FCD0141C19608C54000FDBF0 /* TodayLineTableViewCell.h */,
				FCD0141D19608C54000FDBF0 /* TodayLineTableViewCell.m */,
				FCD0141E19608C54000FDBF0 /* TodayLineTableViewCell.xib */,
				FCE51B6F195F237D0006C348 /* MainInterface.storyboard */,
				FCE51B6A195F237D0006C348 /* Supporting Files */,
			);
			path = TubeStatusWidget;
			sourceTree = "<group>";
		};
		FCE51B6A195F237D0006C348 /* Supporting Files */ = {
			isa = PBXGroup;
			children = (
				FC9B83BA1A80FAF100566F76 /* PrefixHeader.pch */,
				FCE51B6B195F237D0006C348 /* Info.plist */,
				FCD9DB55197488D600B0D191 /* com.dylanmaryk.TubeStatus.TubeStatusWidget.entitlements */,
			);
			name = "Supporting Files";
			sourceTree = "<group>";
		};
/* End PBXGroup section */

/* Begin PBXNativeTarget section */
		FCA3CABA1A883575003F3F4E /* TubeStatus WatchKit Extension */ = {
			isa = PBXNativeTarget;
			buildConfigurationList = FCA3CADA1A883576003F3F4E /* Build configuration list for PBXNativeTarget "TubeStatus WatchKit Extension" */;
			buildPhases = (
				FCA3CAB71A883575003F3F4E /* Sources */,
				FCA3CAB81A883575003F3F4E /* Frameworks */,
				FCA3CAB91A883575003F3F4E /* Resources */,
			);
			buildRules = (
			);
			dependencies = (
			);
			name = "TubeStatus WatchKit Extension";
			productName = "TubeStatus WatchKit Extension";
			productReference = FCA3CABB1A883575003F3F4E /* TubeStatus WatchKit Extension.appex */;
			productType = "com.apple.product-type.watchkit2-extension";
		};
		FCA3CAC51A883575003F3F4E /* TubeStatus WatchKit App */ = {
			isa = PBXNativeTarget;
			buildConfigurationList = FCA3CAD91A883576003F3F4E /* Build configuration list for PBXNativeTarget "TubeStatus WatchKit App" */;
			buildPhases = (
				FCA3CAC41A883575003F3F4E /* Resources */,
				FC4D83261C53DDDF0026B722 /* Embed App Extensions */,
			);
			buildRules = (
			);
			dependencies = (
				FC4D83211C53DDDF0026B722 /* PBXTargetDependency */,
			);
			name = "TubeStatus WatchKit App";
			productName = "TubeStatus WatchKit App";
			productReference = FCA3CAC61A883575003F3F4E /* TubeStatus WatchKit App.app */;
			productType = "com.apple.product-type.application.watchapp2";
		};
		FCE51B3A195F236C0006C348 /* TubeStatus */ = {
			isa = PBXNativeTarget;
			buildConfigurationList = FCE51B5B195F236C0006C348 /* Build configuration list for PBXNativeTarget "TubeStatus" */;
			buildPhases = (
				FCE51B37195F236C0006C348 /* Sources */,
				FCE51B38195F236C0006C348 /* Frameworks */,
				FCE51B39195F236C0006C348 /* Resources */,
				FCE51B79195F237D0006C348 /* Embed App Extensions */,
				FC4D83271C53DDDF0026B722 /* Embed Watch Content */,
			);
			buildRules = (
			);
			dependencies = (
				FCE51B72195F237D0006C348 /* PBXTargetDependency */,
				FCE51B75195F237D0006C348 /* PBXTargetDependency */,
				FC4D83241C53DDDF0026B722 /* PBXTargetDependency */,
			);
			name = TubeStatus;
			productName = TubeStatus;
			productReference = FCE51B3B195F236C0006C348 /* TubeStatus.app */;
			productType = "com.apple.product-type.application";
		};
		FCE51B50195F236C0006C348 /* TubeStatusTests */ = {
			isa = PBXNativeTarget;
			buildConfigurationList = FCE51B5E195F236C0006C348 /* Build configuration list for PBXNativeTarget "TubeStatusTests" */;
			buildPhases = (
				FCE51B4D195F236C0006C348 /* Sources */,
				FCE51B4E195F236C0006C348 /* Frameworks */,
				FCE51B4F195F236C0006C348 /* Resources */,
			);
			buildRules = (
			);
			dependencies = (
				FCE51B53195F236C0006C348 /* PBXTargetDependency */,
			);
			name = TubeStatusTests;
			productName = TubeStatusTests;
			productReference = FCE51B51195F236C0006C348 /* TubeStatusTests.xctest */;
			productType = "com.apple.product-type.bundle.unit-test";
		};
		FCE51B64195F237D0006C348 /* TubeStatusWidget */ = {
			isa = PBXNativeTarget;
			buildConfigurationList = FCE51B76195F237D0006C348 /* Build configuration list for PBXNativeTarget "TubeStatusWidget" */;
			buildPhases = (
				FCE51B61195F237D0006C348 /* Sources */,
				FCE51B62195F237D0006C348 /* Frameworks */,
				FCE51B63195F237D0006C348 /* Resources */,
			);
			buildRules = (
			);
			dependencies = (
			);
			name = TubeStatusWidget;
			productName = TubeStatusWidget;
			productReference = FCE51B65195F237D0006C348 /* com.dylanmaryk.TubeStatus.TubeStatusWidget.appex */;
			productType = "com.apple.product-type.app-extension";
		};
/* End PBXNativeTarget section */

/* Begin PBXProject section */
		FCE51B33195F236C0006C348 /* Project object */ = {
			isa = PBXProject;
			attributes = {
				LastUpgradeCheck = 0720;
				ORGANIZATIONNAME = "Code Canopy";
				TargetAttributes = {
					FCA3CABA1A883575003F3F4E = {
						CreatedOnToolsVersion = 6.2;
						DevelopmentTeam = 5DQD7ZRCTK;
						SystemCapabilities = {
							com.apple.ApplicationGroups.iOS = {
								enabled = 1;
							};
							com.apple.iCloud = {
								enabled = 1;
							};
						};
					};
					FCA3CAC51A883575003F3F4E = {
						CreatedOnToolsVersion = 6.2;
						DevelopmentTeam = 5DQD7ZRCTK;
					};
					FCE51B3A195F236C0006C348 = {
						CreatedOnToolsVersion = 6.0;
						DevelopmentTeam = 5DQD7ZRCTK;
						SystemCapabilities = {
							com.apple.ApplicationGroups.iOS = {
								enabled = 1;
							};
							com.apple.BackgroundModes = {
								enabled = 1;
							};
							com.apple.iCloud = {
								enabled = 1;
							};
						};
					};
					FCE51B50195F236C0006C348 = {
						CreatedOnToolsVersion = 6.0;
						TestTargetID = FCE51B3A195F236C0006C348;
					};
					FCE51B64195F237D0006C348 = {
						CreatedOnToolsVersion = 6.0;
						DevelopmentTeam = 5DQD7ZRCTK;
						SystemCapabilities = {
							com.apple.ApplicationGroups.iOS = {
								enabled = 1;
							};
							com.apple.iCloud = {
								enabled = 1;
							};
						};
					};
				};
			};
			buildConfigurationList = FCE51B36195F236C0006C348 /* Build configuration list for PBXProject "TubeStatus" */;
			compatibilityVersion = "Xcode 3.2";
			developmentRegion = English;
			hasScannedForEncodings = 0;
			knownRegions = (
				en,
				Base,
			);
			mainGroup = FCE51B32195F236C0006C348;
			productRefGroup = FCE51B3C195F236C0006C348 /* Products */;
			projectDirPath = "";
			projectRoot = "";
			targets = (
				FCE51B3A195F236C0006C348 /* TubeStatus */,
				FCE51B50195F236C0006C348 /* TubeStatusTests */,
				FCE51B64195F237D0006C348 /* TubeStatusWidget */,
				FCA3CABA1A883575003F3F4E /* TubeStatus WatchKit Extension */,
				FCA3CAC51A883575003F3F4E /* TubeStatus WatchKit App */,
			);
		};
/* End PBXProject section */

/* Begin PBXResourcesBuildPhase section */
		FCA3CAB91A883575003F3F4E /* Resources */ = {
			isa = PBXResourcesBuildPhase;
			buildActionMask = 2147483647;
			files = (
			);
			runOnlyForDeploymentPostprocessing = 0;
		};
		FCA3CAC41A883575003F3F4E /* Resources */ = {
			isa = PBXResourcesBuildPhase;
			buildActionMask = 2147483647;
			files = (
				FCA3CACF1A883576003F3F4E /* Interface.storyboard in Resources */,
				FCA3CAD11A883576003F3F4E /* Images.xcassets in Resources */,
			);
			runOnlyForDeploymentPostprocessing = 0;
		};
		FCE51B39195F236C0006C348 /* Resources */ = {
			isa = PBXResourcesBuildPhase;
			buildActionMask = 2147483647;
			files = (
				FCE51B4A195F236C0006C348 /* Main.storyboard in Resources */,
				FCE51B4C195F236C0006C348 /* Images.xcassets in Resources */,
				FC9A0DD119AB5A79008DE646 /* SettingTableViewCell.xib in Resources */,
				FC092A61195F4C46001BA2F6 /* LineTableViewCell.xib in Resources */,
			);
			runOnlyForDeploymentPostprocessing = 0;
		};
		FCE51B4F195F236C0006C348 /* Resources */ = {
			isa = PBXResourcesBuildPhase;
			buildActionMask = 2147483647;
			files = (
			);
			runOnlyForDeploymentPostprocessing = 0;
		};
		FCE51B63195F237D0006C348 /* Resources */ = {
			isa = PBXResourcesBuildPhase;
			buildActionMask = 2147483647;
			files = (
				FCE51B70195F237D0006C348 /* MainInterface.storyboard in Resources */,
				FCD0142019608C54000FDBF0 /* TodayLineTableViewCell.xib in Resources */,
			);
			runOnlyForDeploymentPostprocessing = 0;
		};
/* End PBXResourcesBuildPhase section */

/* Begin PBXSourcesBuildPhase section */
		FCA3CAB71A883575003F3F4E /* Sources */ = {
			isa = PBXSourcesBuildPhase;
			buildActionMask = 2147483647;
			files = (
				FCA3CAED1A88440D003F3F4E /* AFHTTPRequestOperation.m in Sources */,
				FCA3CAEE1A88440D003F3F4E /* AFHTTPRequestOperationManager.m in Sources */,
				FCA3CAEF1A88440D003F3F4E /* AFHTTPSessionManager.m in Sources */,
				FCA3CAF01A88440D003F3F4E /* AFNetworkReachabilityManager.m in Sources */,
				FCA3CAF11A88440D003F3F4E /* AFSecurityPolicy.m in Sources */,
				FCA3CAFB1A884C10003F3F4E /* LineRowController.m in Sources */,
				FCA3CAF21A88440D003F3F4E /* AFURLConnectionOperation.m in Sources */,
				FCA3CAF31A88440D003F3F4E /* AFURLRequestSerialization.m in Sources */,
				FCA3CAF41A88440D003F3F4E /* AFURLResponseSerialization.m in Sources */,
				FCA3CAF51A88440D003F3F4E /* AFURLSessionManager.m in Sources */,
				FCA3CAF61A884474003F3F4E /* Reachability.m in Sources */,
				FCA3CAF71A88447D003F3F4E /* SDCloudUserDefaults.m in Sources */,
				FCA3CAEB1A8843E5003F3F4E /* DataModel.m in Sources */,
				FCA3CAEC1A88440D003F3F4E /* XMLParserDelegate.m in Sources */,
				FCA3CAC11A883575003F3F4E /* InterfaceController.m in Sources */,
			);
			runOnlyForDeploymentPostprocessing = 0;
		};
		FCE51B37195F236C0006C348 /* Sources */ = {
			isa = PBXSourcesBuildPhase;
			buildActionMask = 2147483647;
			files = (
				FC82B04819BE33DF009CACEB /* AFSecurityPolicy.m in Sources */,
				FCE51B47195F236C0006C348 /* ViewController.m in Sources */,
				FC82B04719BE33DF009CACEB /* AFNetworkReachabilityManager.m in Sources */,
				FCE51B7C195F251B0006C348 /* XMLParserDelegate.m in Sources */,
				FC82B04919BE33DF009CACEB /* AFURLConnectionOperation.m in Sources */,
				FC82B04419BE33DF009CACEB /* AFHTTPRequestOperation.m in Sources */,
				FC82B04619BE33DF009CACEB /* AFHTTPSessionManager.m in Sources */,
				FC82B04A19BE33DF009CACEB /* AFURLRequestSerialization.m in Sources */,
				FC9A0DD019AB5A79008DE646 /* SettingTableViewCell.m in Sources */,
				FC82B04C19BE33DF009CACEB /* AFURLSessionManager.m in Sources */,
				FC82B05319BE3403009CACEB /* Reachability.m in Sources */,
				FC82B04519BE33DF009CACEB /* AFHTTPRequestOperationManager.m in Sources */,
				FC092A60195F4C46001BA2F6 /* LineTableViewCell.m in Sources */,
				FC82B04B19BE33DF009CACEB /* AFURLResponseSerialization.m in Sources */,
				FCE51B44195F236C0006C348 /* AppDelegate.m in Sources */,
				FCE51B41195F236C0006C348 /* main.m in Sources */,
				FC82B05519BE3403009CACEB /* SDCloudUserDefaults.m in Sources */,
				FCD0141B196087D8000FDBF0 /* DataModel.m in Sources */,
				FC67C3F119806F3A008B56AE /* SettingsViewController.m in Sources */,
			);
			runOnlyForDeploymentPostprocessing = 0;
		};
		FCE51B4D195F236C0006C348 /* Sources */ = {
			isa = PBXSourcesBuildPhase;
			buildActionMask = 2147483647;
			files = (
				FCE51B58195F236C0006C348 /* TubeStatusTests.m in Sources */,
			);
			runOnlyForDeploymentPostprocessing = 0;
		};
		FCE51B61195F237D0006C348 /* Sources */ = {
			isa = PBXSourcesBuildPhase;
			buildActionMask = 2147483647;
			files = (
				FC9B83BC1A80FBEC00566F76 /* AFHTTPRequestOperation.m in Sources */,
				FC9B83BE1A80FBEC00566F76 /* AFHTTPRequestOperationManager.m in Sources */,
				FC9B83C01A80FBEC00566F76 /* AFHTTPSessionManager.m in Sources */,
				FC9B83C31A80FBEC00566F76 /* AFNetworkReachabilityManager.m in Sources */,
				FC9B83C51A80FBEC00566F76 /* AFSecurityPolicy.m in Sources */,
				FC9B83C71A80FBEC00566F76 /* AFURLConnectionOperation.m in Sources */,
				FC9B83C91A80FBEC00566F76 /* AFURLRequestSerialization.m in Sources */,
				FC9B83CB1A80FBEC00566F76 /* AFURLResponseSerialization.m in Sources */,
				FC9B83CD1A80FBEC00566F76 /* AFURLSessionManager.m in Sources */,
				FC82B05419BE3403009CACEB /* Reachability.m in Sources */,
				FC82B05619BE3403009CACEB /* SDCloudUserDefaults.m in Sources */,
				FCD0142119608F59000FDBF0 /* DataModel.m in Sources */,
				FCD0142219608F6F000FDBF0 /* XMLParserDelegate.m in Sources */,
				FCE51B6E195F237D0006C348 /* TodayViewController.m in Sources */,
				FCD0141F19608C54000FDBF0 /* TodayLineTableViewCell.m in Sources */,
			);
			runOnlyForDeploymentPostprocessing = 0;
		};
/* End PBXSourcesBuildPhase section */

/* Begin PBXTargetDependency section */
		FC4D83211C53DDDF0026B722 /* PBXTargetDependency */ = {
			isa = PBXTargetDependency;
			target = FCA3CABA1A883575003F3F4E /* TubeStatus WatchKit Extension */;
			targetProxy = FC4D83201C53DDDF0026B722 /* PBXContainerItemProxy */;
		};
		FC4D83241C53DDDF0026B722 /* PBXTargetDependency */ = {
			isa = PBXTargetDependency;
			target = FCA3CAC51A883575003F3F4E /* TubeStatus WatchKit App */;
			targetProxy = FC4D83231C53DDDF0026B722 /* PBXContainerItemProxy */;
		};
		FCE51B53195F236C0006C348 /* PBXTargetDependency */ = {
			isa = PBXTargetDependency;
			target = FCE51B3A195F236C0006C348 /* TubeStatus */;
			targetProxy = FCE51B52195F236C0006C348 /* PBXContainerItemProxy */;
		};
		FCE51B72195F237D0006C348 /* PBXTargetDependency */ = {
			isa = PBXTargetDependency;
			target = FCE51B64195F237D0006C348 /* TubeStatusWidget */;
			targetProxy = FCE51B71195F237D0006C348 /* PBXContainerItemProxy */;
		};
		FCE51B75195F237D0006C348 /* PBXTargetDependency */ = {
			isa = PBXTargetDependency;
			target = FCE51B64195F237D0006C348 /* TubeStatusWidget */;
			targetProxy = FCE51B74195F237D0006C348 /* PBXContainerItemProxy */;
		};
/* End PBXTargetDependency section */

/* Begin PBXVariantGroup section */
		FCA3CACD1A883576003F3F4E /* Interface.storyboard */ = {
			isa = PBXVariantGroup;
			children = (
				FCA3CACE1A883576003F3F4E /* Base */,
			);
			name = Interface.storyboard;
			sourceTree = "<group>";
		};
		FCE51B48195F236C0006C348 /* Main.storyboard */ = {
			isa = PBXVariantGroup;
			children = (
				FCE51B49195F236C0006C348 /* Base */,
			);
			name = Main.storyboard;
			sourceTree = "<group>";
		};
/* End PBXVariantGroup section */

/* Begin XCBuildConfiguration section */
		FCA3CAD51A883576003F3F4E /* Debug */ = {
			isa = XCBuildConfiguration;
			buildSettings = {
				CODE_SIGN_ENTITLEMENTS = "TubeStatus WatchKit Extension/TubeStatus WatchKit Extension.entitlements";
				CODE_SIGN_IDENTITY = "iPhone Developer";
				"CODE_SIGN_IDENTITY[sdk=iphoneos*]" = "iPhone Developer";
				"CODE_SIGN_IDENTITY[sdk=watchos*]" = "iPhone Developer";
				GCC_PRECOMPILE_PREFIX_HEADER = YES;
				GCC_PREFIX_HEADER = "TubeStatus WatchKit Extension/PrefixHeader.pch";
				GCC_PREPROCESSOR_DEFINITIONS = (
					"DEBUG=1",
					"$(inherited)",
				);
				INFOPLIST_FILE = "TubeStatus WatchKit Extension/Info.plist";
				IPHONEOS_DEPLOYMENT_TARGET = 8.2;
				LD_RUNPATH_SEARCH_PATHS = "$(inherited) @executable_path/Frameworks @executable_path/../../Frameworks";
				MTL_ENABLE_DEBUG_INFO = YES;
				PRODUCT_BUNDLE_IDENTIFIER = com.dylanmaryk.TubeStatus.watchkitapp.watchkitextension;
				PRODUCT_NAME = "${TARGET_NAME}";
				PROVISIONING_PROFILE = "";
				SDKROOT = watchos;
				SKIP_INSTALL = YES;
				TARGETED_DEVICE_FAMILY = 4;
				WATCHOS_DEPLOYMENT_TARGET = 2.0;
			};
			name = Debug;
		};
		FCA3CAD61A883576003F3F4E /* Release */ = {
			isa = XCBuildConfiguration;
			buildSettings = {
				CODE_SIGN_ENTITLEMENTS = "TubeStatus WatchKit Extension/TubeStatus WatchKit Extension.entitlements";
				CODE_SIGN_IDENTITY = "iPhone Developer";
				"CODE_SIGN_IDENTITY[sdk=iphoneos*]" = "iPhone Developer";
				"CODE_SIGN_IDENTITY[sdk=watchos*]" = "iPhone Developer";
				COPY_PHASE_STRIP = NO;
				GCC_PRECOMPILE_PREFIX_HEADER = YES;
				GCC_PREFIX_HEADER = "TubeStatus WatchKit Extension/PrefixHeader.pch";
				INFOPLIST_FILE = "TubeStatus WatchKit Extension/Info.plist";
				IPHONEOS_DEPLOYMENT_TARGET = 8.2;
				LD_RUNPATH_SEARCH_PATHS = "$(inherited) @executable_path/Frameworks @executable_path/../../Frameworks";
				MTL_ENABLE_DEBUG_INFO = NO;
				PRODUCT_BUNDLE_IDENTIFIER = com.dylanmaryk.TubeStatus.watchkitapp.watchkitextension;
				PRODUCT_NAME = "${TARGET_NAME}";
				PROVISIONING_PROFILE = "";
				SDKROOT = watchos;
				SKIP_INSTALL = YES;
				TARGETED_DEVICE_FAMILY = 4;
				WATCHOS_DEPLOYMENT_TARGET = 2.0;
			};
			name = Release;
		};
		FCA3CAD71A883576003F3F4E /* Debug */ = {
			isa = XCBuildConfiguration;
			buildSettings = {
				ASSETCATALOG_COMPILER_APPICON_NAME = AppIconWatch;
				CODE_SIGN_IDENTITY = "iPhone Developer";
				GCC_PREPROCESSOR_DEFINITIONS = (
					"DEBUG=1",
					"$(inherited)",
				);
				IBSC_MODULE = TubeStatus_WatchKit_Extension;
				INFOPLIST_FILE = "TubeStatus WatchKit App/Info.plist";
				MTL_ENABLE_DEBUG_INFO = YES;
				PRODUCT_BUNDLE_IDENTIFIER = com.dylanmaryk.TubeStatus.watchkitapp;
				PRODUCT_NAME = "$(TARGET_NAME)";
				SDKROOT = watchos;
				SKIP_INSTALL = YES;
				TARGETED_DEVICE_FAMILY = 4;
				WATCHOS_DEPLOYMENT_TARGET = 2.0;
			};
			name = Debug;
		};
		FCA3CAD81A883576003F3F4E /* Release */ = {
			isa = XCBuildConfiguration;
			buildSettings = {
				ASSETCATALOG_COMPILER_APPICON_NAME = AppIconWatch;
				CODE_SIGN_IDENTITY = "iPhone Developer";
				COPY_PHASE_STRIP = NO;
				IBSC_MODULE = TubeStatus_WatchKit_Extension;
				INFOPLIST_FILE = "TubeStatus WatchKit App/Info.plist";
				MTL_ENABLE_DEBUG_INFO = NO;
				PRODUCT_BUNDLE_IDENTIFIER = com.dylanmaryk.TubeStatus.watchkitapp;
				PRODUCT_NAME = "$(TARGET_NAME)";
				SDKROOT = watchos;
				SKIP_INSTALL = YES;
				TARGETED_DEVICE_FAMILY = 4;
				WATCHOS_DEPLOYMENT_TARGET = 2.0;
			};
			name = Release;
		};
		FCE51B59195F236C0006C348 /* Debug */ = {
			isa = XCBuildConfiguration;
			buildSettings = {
				ALWAYS_SEARCH_USER_PATHS = NO;
				CLANG_CXX_LANGUAGE_STANDARD = "gnu++0x";
				CLANG_CXX_LIBRARY = "libc++";
				CLANG_ENABLE_MODULES = YES;
				CLANG_ENABLE_OBJC_ARC = YES;
				CLANG_WARN_BOOL_CONVERSION = YES;
				CLANG_WARN_CONSTANT_CONVERSION = YES;
				CLANG_WARN_DIRECT_OBJC_ISA_USAGE = YES_ERROR;
				CLANG_WARN_EMPTY_BODY = YES;
				CLANG_WARN_ENUM_CONVERSION = YES;
				CLANG_WARN_INT_CONVERSION = YES;
				CLANG_WARN_OBJC_ROOT_CLASS = YES_ERROR;
				CLANG_WARN_UNREACHABLE_CODE = YES;
				CLANG_WARN__DUPLICATE_METHOD_MATCH = YES;
				"CODE_SIGN_IDENTITY[sdk=iphoneos*]" = "iPhone Developer";
				COPY_PHASE_STRIP = NO;
				ENABLE_STRICT_OBJC_MSGSEND = YES;
				ENABLE_TESTABILITY = YES;
				GCC_C_LANGUAGE_STANDARD = gnu99;
				GCC_DYNAMIC_NO_PIC = NO;
				GCC_OPTIMIZATION_LEVEL = 0;
				GCC_PREPROCESSOR_DEFINITIONS = (
					"DEBUG=1",
					"$(inherited)",
				);
				GCC_SYMBOLS_PRIVATE_EXTERN = NO;
				GCC_WARN_64_TO_32_BIT_CONVERSION = YES;
				GCC_WARN_ABOUT_RETURN_TYPE = YES_ERROR;
				GCC_WARN_UNDECLARED_SELECTOR = YES;
				GCC_WARN_UNINITIALIZED_AUTOS = YES_AGGRESSIVE;
				GCC_WARN_UNUSED_FUNCTION = YES;
				GCC_WARN_UNUSED_VARIABLE = YES;
				IPHONEOS_DEPLOYMENT_TARGET = 8.0;
				METAL_ENABLE_DEBUG_INFO = YES;
				ONLY_ACTIVE_ARCH = YES;
				SDKROOT = iphoneos;
				TARGETED_DEVICE_FAMILY = "1,2";
			};
			name = Debug;
		};
		FCE51B5A195F236C0006C348 /* Release */ = {
			isa = XCBuildConfiguration;
			buildSettings = {
				ALWAYS_SEARCH_USER_PATHS = NO;
				CLANG_CXX_LANGUAGE_STANDARD = "gnu++0x";
				CLANG_CXX_LIBRARY = "libc++";
				CLANG_ENABLE_MODULES = YES;
				CLANG_ENABLE_OBJC_ARC = YES;
				CLANG_WARN_BOOL_CONVERSION = YES;
				CLANG_WARN_CONSTANT_CONVERSION = YES;
				CLANG_WARN_DIRECT_OBJC_ISA_USAGE = YES_ERROR;
				CLANG_WARN_EMPTY_BODY = YES;
				CLANG_WARN_ENUM_CONVERSION = YES;
				CLANG_WARN_INT_CONVERSION = YES;
				CLANG_WARN_OBJC_ROOT_CLASS = YES_ERROR;
				CLANG_WARN_UNREACHABLE_CODE = YES;
				CLANG_WARN__DUPLICATE_METHOD_MATCH = YES;
				"CODE_SIGN_IDENTITY[sdk=iphoneos*]" = "iPhone Developer";
				COPY_PHASE_STRIP = YES;
				ENABLE_NS_ASSERTIONS = NO;
				ENABLE_STRICT_OBJC_MSGSEND = YES;
				GCC_C_LANGUAGE_STANDARD = gnu99;
				GCC_WARN_64_TO_32_BIT_CONVERSION = YES;
				GCC_WARN_ABOUT_RETURN_TYPE = YES_ERROR;
				GCC_WARN_UNDECLARED_SELECTOR = YES;
				GCC_WARN_UNINITIALIZED_AUTOS = YES_AGGRESSIVE;
				GCC_WARN_UNUSED_FUNCTION = YES;
				GCC_WARN_UNUSED_VARIABLE = YES;
				IPHONEOS_DEPLOYMENT_TARGET = 8.0;
				METAL_ENABLE_DEBUG_INFO = NO;
				SDKROOT = iphoneos;
				TARGETED_DEVICE_FAMILY = "1,2";
				VALIDATE_PRODUCT = YES;
			};
			name = Release;
		};
		FCE51B5C195F236C0006C348 /* Debug */ = {
			isa = XCBuildConfiguration;
			buildSettings = {
				ASSETCATALOG_COMPILER_APPICON_NAME = AppIcon;
				ASSETCATALOG_COMPILER_LAUNCHIMAGE_NAME = LaunchImage;
				CODE_SIGN_ENTITLEMENTS = TubeStatus/TubeStatus.entitlements;
				CODE_SIGN_IDENTITY = "iPhone Developer";
				"CODE_SIGN_IDENTITY[sdk=iphoneos*]" = "iPhone Developer";
				INFOPLIST_FILE = TubeStatus/Info.plist;
				LD_RUNPATH_SEARCH_PATHS = "$(inherited) @executable_path/Frameworks";
				PRODUCT_BUNDLE_IDENTIFIER = "com.dylanmaryk.${PRODUCT_NAME:rfc1034identifier}";
				PRODUCT_NAME = "$(TARGET_NAME)";
				PROVISIONING_PROFILE = "";
			};
			name = Debug;
		};
		FCE51B5D195F236C0006C348 /* Release */ = {
			isa = XCBuildConfiguration;
			buildSettings = {
				ASSETCATALOG_COMPILER_APPICON_NAME = AppIcon;
				ASSETCATALOG_COMPILER_LAUNCHIMAGE_NAME = LaunchImage;
				CODE_SIGN_ENTITLEMENTS = TubeStatus/TubeStatus.entitlements;
				CODE_SIGN_IDENTITY = "iPhone Developer";
				"CODE_SIGN_IDENTITY[sdk=iphoneos*]" = "iPhone Developer";
				INFOPLIST_FILE = TubeStatus/Info.plist;
				LD_RUNPATH_SEARCH_PATHS = "$(inherited) @executable_path/Frameworks";
				PRODUCT_BUNDLE_IDENTIFIER = "com.dylanmaryk.${PRODUCT_NAME:rfc1034identifier}";
				PRODUCT_NAME = "$(TARGET_NAME)";
				PROVISIONING_PROFILE = "";
			};
			name = Release;
		};
		FCE51B5F195F236C0006C348 /* Debug */ = {
			isa = XCBuildConfiguration;
			buildSettings = {
				BUNDLE_LOADER = "$(BUILT_PRODUCTS_DIR)/TubeStatus.app/TubeStatus";
				FRAMEWORK_SEARCH_PATHS = (
					"$(SDKROOT)/Developer/Library/Frameworks",
					"$(inherited)",
				);
				GCC_PREPROCESSOR_DEFINITIONS = (
					"DEBUG=1",
					"$(inherited)",
				);
				INFOPLIST_FILE = TubeStatusTests/Info.plist;
				LD_RUNPATH_SEARCH_PATHS = "$(inherited) @executable_path/Frameworks @loader_path/Frameworks";
				METAL_ENABLE_DEBUG_INFO = YES;
				PRODUCT_BUNDLE_IDENTIFIER = "com.dylanmaryk.${PRODUCT_NAME:rfc1034identifier}";
				PRODUCT_NAME = "$(TARGET_NAME)";
				TEST_HOST = "$(BUNDLE_LOADER)";
			};
			name = Debug;
		};
		FCE51B60195F236C0006C348 /* Release */ = {
			isa = XCBuildConfiguration;
			buildSettings = {
				BUNDLE_LOADER = "$(BUILT_PRODUCTS_DIR)/TubeStatus.app/TubeStatus";
				FRAMEWORK_SEARCH_PATHS = (
					"$(SDKROOT)/Developer/Library/Frameworks",
					"$(inherited)",
				);
				INFOPLIST_FILE = TubeStatusTests/Info.plist;
				LD_RUNPATH_SEARCH_PATHS = "$(inherited) @executable_path/Frameworks @loader_path/Frameworks";
				METAL_ENABLE_DEBUG_INFO = NO;
				PRODUCT_BUNDLE_IDENTIFIER = "com.dylanmaryk.${PRODUCT_NAME:rfc1034identifier}";
				PRODUCT_NAME = "$(TARGET_NAME)";
				TEST_HOST = "$(BUNDLE_LOADER)";
			};
			name = Release;
		};
		FCE51B77195F237D0006C348 /* Debug */ = {
			isa = XCBuildConfiguration;
			buildSettings = {
				CODE_SIGN_ENTITLEMENTS = TubeStatusWidget/com.dylanmaryk.TubeStatus.TubeStatusWidget.entitlements;
				CODE_SIGN_IDENTITY = "iPhone Developer";
				"CODE_SIGN_IDENTITY[sdk=iphoneos*]" = "iPhone Developer";
				GCC_PRECOMPILE_PREFIX_HEADER = YES;
				GCC_PREFIX_HEADER = TubeStatusWidget/PrefixHeader.pch;
				GCC_PREPROCESSOR_DEFINITIONS = (
					"DEBUG=1",
					"$(inherited)",
				);
				INFOPLIST_FILE = TubeStatusWidget/Info.plist;
				IPHONEOS_DEPLOYMENT_TARGET = 8.0;
				LD_RUNPATH_SEARCH_PATHS = "$(inherited) @executable_path/Frameworks @executable_path/../../Frameworks";
				METAL_ENABLE_DEBUG_INFO = YES;
				PRODUCT_BUNDLE_IDENTIFIER = "${PRODUCT_NAME}";
				PRODUCT_NAME = "com.dylanmaryk.TubeStatus.$(TARGET_NAME:rfc1034identifier)";
				PROVISIONING_PROFILE = "";
				SKIP_INSTALL = YES;
				TARGETED_DEVICE_FAMILY = "1,2";
			};
			name = Debug;
		};
		FCE51B78195F237D0006C348 /* Release */ = {
			isa = XCBuildConfiguration;
			buildSettings = {
				CODE_SIGN_ENTITLEMENTS = TubeStatusWidget/com.dylanmaryk.TubeStatus.TubeStatusWidget.entitlements;
				CODE_SIGN_IDENTITY = "iPhone Developer";
				"CODE_SIGN_IDENTITY[sdk=iphoneos*]" = "iPhone Developer";
				GCC_PRECOMPILE_PREFIX_HEADER = YES;
				GCC_PREFIX_HEADER = TubeStatusWidget/PrefixHeader.pch;
				INFOPLIST_FILE = TubeStatusWidget/Info.plist;
				IPHONEOS_DEPLOYMENT_TARGET = 8.0;
				LD_RUNPATH_SEARCH_PATHS = "$(inherited) @executable_path/Frameworks @executable_path/../../Frameworks";
				METAL_ENABLE_DEBUG_INFO = NO;
				PRODUCT_BUNDLE_IDENTIFIER = "${PRODUCT_NAME}";
				PRODUCT_NAME = "com.dylanmaryk.TubeStatus.$(TARGET_NAME:rfc1034identifier)";
				PROVISIONING_PROFILE = "";
				SKIP_INSTALL = YES;
				TARGETED_DEVICE_FAMILY = "1,2";
			};
			name = Release;
		};
/* End XCBuildConfiguration section */

/* Begin XCConfigurationList section */
		FCA3CAD91A883576003F3F4E /* Build configuration list for PBXNativeTarget "TubeStatus WatchKit App" */ = {
			isa = XCConfigurationList;
			buildConfigurations = (
				FCA3CAD71A883576003F3F4E /* Debug */,
				FCA3CAD81A883576003F3F4E /* Release */,
			);
			defaultConfigurationIsVisible = 0;
			defaultConfigurationName = Release;
		};
		FCA3CADA1A883576003F3F4E /* Build configuration list for PBXNativeTarget "TubeStatus WatchKit Extension" */ = {
			isa = XCConfigurationList;
			buildConfigurations = (
				FCA3CAD51A883576003F3F4E /* Debug */,
				FCA3CAD61A883576003F3F4E /* Release */,
			);
			defaultConfigurationIsVisible = 0;
			defaultConfigurationName = Release;
		};
		FCE51B36195F236C0006C348 /* Build configuration list for PBXProject "TubeStatus" */ = {
			isa = XCConfigurationList;
			buildConfigurations = (
				FCE51B59195F236C0006C348 /* Debug */,
				FCE51B5A195F236C0006C348 /* Release */,
			);
			defaultConfigurationIsVisible = 0;
			defaultConfigurationName = Release;
		};
		FCE51B5B195F236C0006C348 /* Build configuration list for PBXNativeTarget "TubeStatus" */ = {
			isa = XCConfigurationList;
			buildConfigurations = (
				FCE51B5C195F236C0006C348 /* Debug */,
				FCE51B5D195F236C0006C348 /* Release */,
			);
			defaultConfigurationIsVisible = 0;
			defaultConfigurationName = Release;
		};
		FCE51B5E195F236C0006C348 /* Build configuration list for PBXNativeTarget "TubeStatusTests" */ = {
			isa = XCConfigurationList;
			buildConfigurations = (
				FCE51B5F195F236C0006C348 /* Debug */,
				FCE51B60195F236C0006C348 /* Release */,
			);
			defaultConfigurationIsVisible = 0;
			defaultConfigurationName = Release;
		};
		FCE51B76195F237D0006C348 /* Build configuration list for PBXNativeTarget "TubeStatusWidget" */ = {
			isa = XCConfigurationList;
			buildConfigurations = (
				FCE51B77195F237D0006C348 /* Debug */,
				FCE51B78195F237D0006C348 /* Release */,
			);
			defaultConfigurationIsVisible = 0;
			defaultConfigurationName = Release;
		};
/* End XCConfigurationList section */
	};
	rootObject = FCE51B33195F236C0006C348 /* Project object */;
}
